// !$*UTF8*$!
{
	archiveVersion = 1;
	classes = {
	};
	objectVersion = 46;
	objects = {

/* Begin PBXBuildFile section */
		B42E4ED91CF0044B0079BA26 /* Task.swift in Sources */ = {isa = PBXBuildFile; fileRef = B42E4ED81CF0044B0079BA26 /* Task.swift */; };
		B44824EE1CE6F7DE00E6A524 /* AppDelegate.swift in Sources */ = {isa = PBXBuildFile; fileRef = B44824ED1CE6F7DE00E6A524 /* AppDelegate.swift */; };
		B44824F31CE6F7DE00E6A524 /* Main.storyboard in Resources */ = {isa = PBXBuildFile; fileRef = B44824F11CE6F7DE00E6A524 /* Main.storyboard */; };
		B44824F51CE6F7DE00E6A524 /* Assets.xcassets in Resources */ = {isa = PBXBuildFile; fileRef = B44824F41CE6F7DE00E6A524 /* Assets.xcassets */; };
		B44824F81CE6F7DE00E6A524 /* LaunchScreen.storyboard in Resources */ = {isa = PBXBuildFile; fileRef = B44824F61CE6F7DE00E6A524 /* LaunchScreen.storyboard */; };
		B44825031CE6F7DF00E6A524 /* CalendoTests.swift in Sources */ = {isa = PBXBuildFile; fileRef = B44825021CE6F7DF00E6A524 /* CalendoTests.swift */; };
		B448250E1CE6F7DF00E6A524 /* CalendoUITests.swift in Sources */ = {isa = PBXBuildFile; fileRef = B448250D1CE6F7DF00E6A524 /* CalendoUITests.swift */; };
		B448251C1CE6FFC000E6A524 /* MasterViewController.swift in Sources */ = {isa = PBXBuildFile; fileRef = B448251B1CE6FFC000E6A524 /* MasterViewController.swift */; };
		B44826381CEAB8DC00E6A524 /* Date.swift in Sources */ = {isa = PBXBuildFile; fileRef = B44826371CEAB8DC00E6A524 /* Date.swift */; };
		B448263A1CEAC48800E6A524 /* DateCollectionViewCell.swift in Sources */ = {isa = PBXBuildFile; fileRef = B44826391CEAC48800E6A524 /* DateCollectionViewCell.swift */; };
		B448263C1CEACF9C00E6A524 /* DateHelper.swift in Sources */ = {isa = PBXBuildFile; fileRef = B448263B1CEACF9C00E6A524 /* DateHelper.swift */; };
		B44826801CEBECF900E6A524 /* DateController.swift in Sources */ = {isa = PBXBuildFile; fileRef = B448267F1CEBECF900E6A524 /* DateController.swift */; };
/* End PBXBuildFile section */

/* Begin PBXContainerItemProxy section */
		B44824FF1CE6F7DF00E6A524 /* PBXContainerItemProxy */ = {
			isa = PBXContainerItemProxy;
			containerPortal = B44824E21CE6F7DE00E6A524 /* Project object */;
			proxyType = 1;
			remoteGlobalIDString = B44824E91CE6F7DE00E6A524;
			remoteInfo = Calendo;
		};
		B448250A1CE6F7DF00E6A524 /* PBXContainerItemProxy */ = {
			isa = PBXContainerItemProxy;
			containerPortal = B44824E21CE6F7DE00E6A524 /* Project object */;
			proxyType = 1;
			remoteGlobalIDString = B44824E91CE6F7DE00E6A524;
			remoteInfo = Calendo;
		};
/* End PBXContainerItemProxy section */

/* Begin PBXFileReference section */
		B42E4ED81CF0044B0079BA26 /* Task.swift */ = {isa = PBXFileReference; fileEncoding = 4; lastKnownFileType = sourcecode.swift; path = Task.swift; sourceTree = "<group>"; };
		B44824EA1CE6F7DE00E6A524 /* Calendo.app */ = {isa = PBXFileReference; explicitFileType = wrapper.application; includeInIndex = 0; path = Calendo.app; sourceTree = BUILT_PRODUCTS_DIR; };
		B44824ED1CE6F7DE00E6A524 /* AppDelegate.swift */ = {isa = PBXFileReference; lastKnownFileType = sourcecode.swift; path = AppDelegate.swift; sourceTree = "<group>"; };
		B44824F21CE6F7DE00E6A524 /* Base */ = {isa = PBXFileReference; lastKnownFileType = file.storyboard; name = Base; path = Base.lproj/Main.storyboard; sourceTree = "<group>"; };
		B44824F41CE6F7DE00E6A524 /* Assets.xcassets */ = {isa = PBXFileReference; lastKnownFileType = folder.assetcatalog; path = Assets.xcassets; sourceTree = "<group>"; };
		B44824F71CE6F7DE00E6A524 /* Base */ = {isa = PBXFileReference; lastKnownFileType = file.storyboard; name = Base; path = Base.lproj/LaunchScreen.storyboard; sourceTree = "<group>"; };
		B44824F91CE6F7DE00E6A524 /* Info.plist */ = {isa = PBXFileReference; lastKnownFileType = text.plist.xml; path = Info.plist; sourceTree = "<group>"; };
		B44824FE1CE6F7DF00E6A524 /* CalendoTests.xctest */ = {isa = PBXFileReference; explicitFileType = wrapper.cfbundle; includeInIndex = 0; path = CalendoTests.xctest; sourceTree = BUILT_PRODUCTS_DIR; };
		B44825021CE6F7DF00E6A524 /* CalendoTests.swift */ = {isa = PBXFileReference; lastKnownFileType = sourcecode.swift; path = CalendoTests.swift; sourceTree = "<group>"; };
		B44825041CE6F7DF00E6A524 /* Info.plist */ = {isa = PBXFileReference; lastKnownFileType = text.plist.xml; path = Info.plist; sourceTree = "<group>"; };
		B44825091CE6F7DF00E6A524 /* CalendoUITests.xctest */ = {isa = PBXFileReference; explicitFileType = wrapper.cfbundle; includeInIndex = 0; path = CalendoUITests.xctest; sourceTree = BUILT_PRODUCTS_DIR; };
		B448250D1CE6F7DF00E6A524 /* CalendoUITests.swift */ = {isa = PBXFileReference; lastKnownFileType = sourcecode.swift; path = CalendoUITests.swift; sourceTree = "<group>"; };
		B448250F1CE6F7DF00E6A524 /* Info.plist */ = {isa = PBXFileReference; lastKnownFileType = text.plist.xml; path = Info.plist; sourceTree = "<group>"; };
		B448251B1CE6FFC000E6A524 /* MasterViewController.swift */ = {isa = PBXFileReference; fileEncoding = 4; lastKnownFileType = sourcecode.swift; path = MasterViewController.swift; sourceTree = "<group>"; };
		B44826371CEAB8DC00E6A524 /* Date.swift */ = {isa = PBXFileReference; fileEncoding = 4; lastKnownFileType = sourcecode.swift; path = Date.swift; sourceTree = "<group>"; };
		B44826391CEAC48800E6A524 /* DateCollectionViewCell.swift */ = {isa = PBXFileReference; fileEncoding = 4; lastKnownFileType = sourcecode.swift; path = DateCollectionViewCell.swift; sourceTree = "<group>"; };
		B448263B1CEACF9C00E6A524 /* DateHelper.swift */ = {isa = PBXFileReference; fileEncoding = 4; lastKnownFileType = sourcecode.swift; path = DateHelper.swift; sourceTree = "<group>"; };
		B448267F1CEBECF900E6A524 /* DateController.swift */ = {isa = PBXFileReference; fileEncoding = 4; lastKnownFileType = sourcecode.swift; path = DateController.swift; sourceTree = "<group>"; };
/* End PBXFileReference section */

/* Begin PBXFrameworksBuildPhase section */
		B44824E71CE6F7DE00E6A524 /* Frameworks */ = {
			isa = PBXFrameworksBuildPhase;
			buildActionMask = 2147483647;
			files = (
			);
			runOnlyForDeploymentPostprocessing = 0;
		};
		B44824FB1CE6F7DF00E6A524 /* Frameworks */ = {
			isa = PBXFrameworksBuildPhase;
			buildActionMask = 2147483647;
			files = (
			);
			runOnlyForDeploymentPostprocessing = 0;
		};
		B44825061CE6F7DF00E6A524 /* Frameworks */ = {
			isa = PBXFrameworksBuildPhase;
			buildActionMask = 2147483647;
			files = (
			);
			runOnlyForDeploymentPostprocessing = 0;
		};
/* End PBXFrameworksBuildPhase section */

/* Begin PBXGroup section */
		B44824E11CE6F7DE00E6A524 = {
			isa = PBXGroup;
			children = (
				B44824EC1CE6F7DE00E6A524 /* Calendo */,
				B44825011CE6F7DF00E6A524 /* CalendoTests */,
				B448250C1CE6F7DF00E6A524 /* CalendoUITests */,
				B44824EB1CE6F7DE00E6A524 /* Products */,
			);
			sourceTree = "<group>";
		};
		B44824EB1CE6F7DE00E6A524 /* Products */ = {
			isa = PBXGroup;
			children = (
				B44824EA1CE6F7DE00E6A524 /* Calendo.app */,
				B44824FE1CE6F7DF00E6A524 /* CalendoTests.xctest */,
				B44825091CE6F7DF00E6A524 /* CalendoUITests.xctest */,
			);
			name = Products;
			sourceTree = "<group>";
		};
		B44824EC1CE6F7DE00E6A524 /* Calendo */ = {
			isa = PBXGroup;
			children = (
				B44824ED1CE6F7DE00E6A524 /* AppDelegate.swift */,
				B448263B1CEACF9C00E6A524 /* DateHelper.swift */,
				B44826371CEAB8DC00E6A524 /* Date.swift */,
				B42E4ED81CF0044B0079BA26 /* Task.swift */,
				B448267F1CEBECF900E6A524 /* DateController.swift */,
				B448251B1CE6FFC000E6A524 /* MasterViewController.swift */,
				B44826391CEAC48800E6A524 /* DateCollectionViewCell.swift */,
				B44824F11CE6F7DE00E6A524 /* Main.storyboard */,
				B44824F41CE6F7DE00E6A524 /* Assets.xcassets */,
				B44824F61CE6F7DE00E6A524 /* LaunchScreen.storyboard */,
				B44824F91CE6F7DE00E6A524 /* Info.plist */,
			);
			path = Calendo;
			sourceTree = "<group>";
		};
		B44825011CE6F7DF00E6A524 /* CalendoTests */ = {
			isa = PBXGroup;
			children = (
				B44825021CE6F7DF00E6A524 /* CalendoTests.swift */,
				B44825041CE6F7DF00E6A524 /* Info.plist */,
			);
			path = CalendoTests;
			sourceTree = "<group>";
		};
		B448250C1CE6F7DF00E6A524 /* CalendoUITests */ = {
			isa = PBXGroup;
			children = (
				B448250D1CE6F7DF00E6A524 /* CalendoUITests.swift */,
				B448250F1CE6F7DF00E6A524 /* Info.plist */,
			);
			path = CalendoUITests;
			sourceTree = "<group>";
		};
/* End PBXGroup section */

/* Begin PBXNativeTarget section */
		B44824E91CE6F7DE00E6A524 /* Calendo */ = {
			isa = PBXNativeTarget;
			buildConfigurationList = B44825121CE6F7DF00E6A524 /* Build configuration list for PBXNativeTarget "Calendo" */;
			buildPhases = (
				B44824E61CE6F7DE00E6A524 /* Sources */,
				B44824E71CE6F7DE00E6A524 /* Frameworks */,
				B44824E81CE6F7DE00E6A524 /* Resources */,
			);
			buildRules = (
			);
			dependencies = (
			);
			name = Calendo;
			productName = Calendo;
			productReference = B44824EA1CE6F7DE00E6A524 /* Calendo.app */;
			productType = "com.apple.product-type.application";
		};
		B44824FD1CE6F7DF00E6A524 /* CalendoTests */ = {
			isa = PBXNativeTarget;
			buildConfigurationList = B44825151CE6F7DF00E6A524 /* Build configuration list for PBXNativeTarget "CalendoTests" */;
			buildPhases = (
				B44824FA1CE6F7DF00E6A524 /* Sources */,
				B44824FB1CE6F7DF00E6A524 /* Frameworks */,
				B44824FC1CE6F7DF00E6A524 /* Resources */,
			);
			buildRules = (
			);
			dependencies = (
				B44825001CE6F7DF00E6A524 /* PBXTargetDependency */,
			);
			name = CalendoTests;
			productName = CalendoTests;
			productReference = B44824FE1CE6F7DF00E6A524 /* CalendoTests.xctest */;
			productType = "com.apple.product-type.bundle.unit-test";
		};
		B44825081CE6F7DF00E6A524 /* CalendoUITests */ = {
			isa = PBXNativeTarget;
			buildConfigurationList = B44825181CE6F7DF00E6A524 /* Build configuration list for PBXNativeTarget "CalendoUITests" */;
			buildPhases = (
				B44825051CE6F7DF00E6A524 /* Sources */,
				B44825061CE6F7DF00E6A524 /* Frameworks */,
				B44825071CE6F7DF00E6A524 /* Resources */,
			);
			buildRules = (
			);
			dependencies = (
				B448250B1CE6F7DF00E6A524 /* PBXTargetDependency */,
			);
			name = CalendoUITests;
			productName = CalendoUITests;
			productReference = B44825091CE6F7DF00E6A524 /* CalendoUITests.xctest */;
			productType = "com.apple.product-type.bundle.ui-testing";
		};
/* End PBXNativeTarget section */

/* Begin PBXProject section */
		B44824E21CE6F7DE00E6A524 /* Project object */ = {
			isa = PBXProject;
			attributes = {
				LastSwiftUpdateCheck = 0730;
				LastUpgradeCheck = 0730;
				ORGANIZATIONNAME = MichaelMecham;
				TargetAttributes = {
					B44824E91CE6F7DE00E6A524 = {
						CreatedOnToolsVersion = 7.3;
					};
					B44824FD1CE6F7DF00E6A524 = {
						CreatedOnToolsVersion = 7.3;
						TestTargetID = B44824E91CE6F7DE00E6A524;
					};
					B44825081CE6F7DF00E6A524 = {
						CreatedOnToolsVersion = 7.3;
						TestTargetID = B44824E91CE6F7DE00E6A524;
					};
				};
			};
			buildConfigurationList = B44824E51CE6F7DE00E6A524 /* Build configuration list for PBXProject "Calendo" */;
			compatibilityVersion = "Xcode 3.2";
			developmentRegion = English;
			hasScannedForEncodings = 0;
			knownRegions = (
				en,
				Base,
			);
			mainGroup = B44824E11CE6F7DE00E6A524;
			productRefGroup = B44824EB1CE6F7DE00E6A524 /* Products */;
			projectDirPath = "";
			projectRoot = "";
			targets = (
				B44824E91CE6F7DE00E6A524 /* Calendo */,
				B44824FD1CE6F7DF00E6A524 /* CalendoTests */,
				B44825081CE6F7DF00E6A524 /* CalendoUITests */,
			);
		};
/* End PBXProject section */

/* Begin PBXResourcesBuildPhase section */
		B44824E81CE6F7DE00E6A524 /* Resources */ = {
			isa = PBXResourcesBuildPhase;
			buildActionMask = 2147483647;
			files = (
				B44824F81CE6F7DE00E6A524 /* LaunchScreen.storyboard in Resources */,
				B44824F51CE6F7DE00E6A524 /* Assets.xcassets in Resources */,
				B44824F31CE6F7DE00E6A524 /* Main.storyboard in Resources */,
			);
			runOnlyForDeploymentPostprocessing = 0;
		};
		B44824FC1CE6F7DF00E6A524 /* Resources */ = {
			isa = PBXResourcesBuildPhase;
			buildActionMask = 2147483647;
			files = (
			);
			runOnlyForDeploymentPostprocessing = 0;
		};
		B44825071CE6F7DF00E6A524 /* Resources */ = {
			isa = PBXResourcesBuildPhase;
			buildActionMask = 2147483647;
			files = (
			);
			runOnlyForDeploymentPostprocessing = 0;
		};
/* End PBXResourcesBuildPhase section */

/* Begin PBXSourcesBuildPhase section */
		B44824E61CE6F7DE00E6A524 /* Sources */ = {
			isa = PBXSourcesBuildPhase;
			buildActionMask = 2147483647;
			files = (
				B448263C1CEACF9C00E6A524 /* DateHelper.swift in Sources */,
				B44826801CEBECF900E6A524 /* DateController.swift in Sources */,
				B448263A1CEAC48800E6A524 /* DateCollectionViewCell.swift in Sources */,
				B448251C1CE6FFC000E6A524 /* MasterViewController.swift in Sources */,
				B44826381CEAB8DC00E6A524 /* Date.swift in Sources */,
				B42E4ED91CF0044B0079BA26 /* Task.swift in Sources */,
				B44824EE1CE6F7DE00E6A524 /* AppDelegate.swift in Sources */,
			);
			runOnlyForDeploymentPostprocessing = 0;
		};
		B44824FA1CE6F7DF00E6A524 /* Sources */ = {
			isa = PBXSourcesBuildPhase;
			buildActionMask = 2147483647;
			files = (
				B44825031CE6F7DF00E6A524 /* CalendoTests.swift in Sources */,
			);
			runOnlyForDeploymentPostprocessing = 0;
		};
		B44825051CE6F7DF00E6A524 /* Sources */ = {
			isa = PBXSourcesBuildPhase;
			buildActionMask = 2147483647;
			files = (
				B448250E1CE6F7DF00E6A524 /* CalendoUITests.swift in Sources */,
			);
			runOnlyForDeploymentPostprocessing = 0;
		};
/* End PBXSourcesBuildPhase section */

/* Begin PBXTargetDependency section */
		B44825001CE6F7DF00E6A524 /* PBXTargetDependency */ = {
			isa = PBXTargetDependency;
			target = B44824E91CE6F7DE00E6A524 /* Calendo */;
			targetProxy = B44824FF1CE6F7DF00E6A524 /* PBXContainerItemProxy */;
		};
		B448250B1CE6F7DF00E6A524 /* PBXTargetDependency */ = {
			isa = PBXTargetDependency;
			target = B44824E91CE6F7DE00E6A524 /* Calendo */;
			targetProxy = B448250A1CE6F7DF00E6A524 /* PBXContainerItemProxy */;
		};
/* End PBXTargetDependency section */

/* Begin PBXVariantGroup section */
		B44824F11CE6F7DE00E6A524 /* Main.storyboard */ = {
			isa = PBXVariantGroup;
			children = (
				B44824F21CE6F7DE00E6A524 /* Base */,
			);
			name = Main.storyboard;
			sourceTree = "<group>";
		};
		B44824F61CE6F7DE00E6A524 /* LaunchScreen.storyboard */ = {
			isa = PBXVariantGroup;
			children = (
				B44824F71CE6F7DE00E6A524 /* Base */,
			);
			name = LaunchScreen.storyboard;
			sourceTree = "<group>";
		};
/* End PBXVariantGroup section */

/* Begin XCBuildConfiguration section */
		B44825101CE6F7DF00E6A524 /* Debug */ = {
			isa = XCBuildConfiguration;
			buildSettings = {
				ALWAYS_SEARCH_USER_PATHS = NO;
				CLANG_ANALYZER_NONNULL = YES;
				CLANG_CXX_LANGUAGE_STANDARD = "gnu++0x";
				CLANG_CXX_LIBRARY = "libc++";
				CLANG_ENABLE_MODULES = YES;
				CLANG_ENABLE_OBJC_ARC = YES;
				CLANG_WARN_BOOL_CONVERSION = YES;
				CLANG_WARN_CONSTANT_CONVERSION = YES;
				CLANG_WARN_DIRECT_OBJC_ISA_USAGE = YES_ERROR;
				CLANG_WARN_EMPTY_BODY = YES;
				CLANG_WARN_ENUM_CONVERSION = YES;
				CLANG_WARN_INT_CONVERSION = YES;
				CLANG_WARN_OBJC_ROOT_CLASS = YES_ERROR;
				CLANG_WARN_UNREACHABLE_CODE = YES;
				CLANG_WARN__DUPLICATE_METHOD_MATCH = YES;
				"CODE_SIGN_IDENTITY[sdk=iphoneos*]" = "iPhone Developer";
				COPY_PHASE_STRIP = NO;
				DEBUG_INFORMATION_FORMAT = dwarf;
				ENABLE_STRICT_OBJC_MSGSEND = YES;
				ENABLE_TESTABILITY = YES;
				GCC_C_LANGUAGE_STANDARD = gnu99;
				GCC_DYNAMIC_NO_PIC = NO;
				GCC_NO_COMMON_BLOCKS = YES;
				GCC_OPTIMIZATION_LEVEL = 0;
				GCC_PREPROCESSOR_DEFINITIONS = (
					"DEBUG=1",
					"$(inherited)",
				);
				GCC_WARN_64_TO_32_BIT_CONVERSION = YES;
				GCC_WARN_ABOUT_RETURN_TYPE = YES_ERROR;
				GCC_WARN_UNDECLARED_SELECTOR = YES;
				GCC_WARN_UNINITIALIZED_AUTOS = YES_AGGRESSIVE;
				GCC_WARN_UNUSED_FUNCTION = YES;
				GCC_WARN_UNUSED_VARIABLE = YES;
				IPHONEOS_DEPLOYMENT_TARGET = 9.3;
				MTL_ENABLE_DEBUG_INFO = YES;
				ONLY_ACTIVE_ARCH = YES;
				SDKROOT = iphoneos;
				SWIFT_OPTIMIZATION_LEVEL = "-Onone";
				TARGETED_DEVICE_FAMILY = "1,2";
			};
			name = Debug;
		};
		B44825111CE6F7DF00E6A524 /* Release */ = {
			isa = XCBuildConfiguration;
			buildSettings = {
				ALWAYS_SEARCH_USER_PATHS = NO;
				CLANG_ANALYZER_NONNULL = YES;
				CLANG_CXX_LANGUAGE_STANDARD = "gnu++0x";
				CLANG_CXX_LIBRARY = "libc++";
				CLANG_ENABLE_MODULES = YES;
				CLANG_ENABLE_OBJC_ARC = YES;
				CLANG_WARN_BOOL_CONVERSION = YES;
				CLANG_WARN_CONSTANT_CONVERSION = YES;
				CLANG_WARN_DIRECT_OBJC_ISA_USAGE = YES_ERROR;
				CLANG_WARN_EMPTY_BODY = YES;
				CLANG_WARN_ENUM_CONVERSION = YES;
				CLANG_WARN_INT_CONVERSION = YES;
				CLANG_WARN_OBJC_ROOT_CLASS = YES_ERROR;
				CLANG_WARN_UNREACHABLE_CODE = YES;
				CLANG_WARN__DUPLICATE_METHOD_MATCH = YES;
				"CODE_SIGN_IDENTITY[sdk=iphoneos*]" = "iPhone Developer";
				COPY_PHASE_STRIP = NO;
				DEBUG_INFORMATION_FORMAT = "dwarf-with-dsym";
				ENABLE_NS_ASSERTIONS = NO;
				ENABLE_STRICT_OBJC_MSGSEND = YES;
				GCC_C_LANGUAGE_STANDARD = gnu99;
				GCC_NO_COMMON_BLOCKS = YES;
				GCC_WARN_64_TO_32_BIT_CONVERSION = YES;
				GCC_WARN_ABOUT_RETURN_TYPE = YES_ERROR;
				GCC_WARN_UNDECLARED_SELECTOR = YES;
				GCC_WARN_UNINITIALIZED_AUTOS = YES_AGGRESSIVE;
				GCC_WARN_UNUSED_FUNCTION = YES;
				GCC_WARN_UNUSED_VARIABLE = YES;
				IPHONEOS_DEPLOYMENT_TARGET = 9.3;
				MTL_ENABLE_DEBUG_INFO = NO;
				SDKROOT = iphoneos;
				TARGETED_DEVICE_FAMILY = "1,2";
				VALIDATE_PRODUCT = YES;
			};
			name = Release;
		};
		B44825131CE6F7DF00E6A524 /* Debug */ = {
			isa = XCBuildConfiguration;
			buildSettings = {
				ASSETCATALOG_COMPILER_APPICON_NAME = AppIcon;
				INFOPLIST_FILE = Calendo/Info.plist;
				IPHONEOS_DEPLOYMENT_TARGET = 9.3;
				LD_RUNPATH_SEARCH_PATHS = "$(inherited) @executable_path/Frameworks";
				PRODUCT_BUNDLE_IDENTIFIER = com.MichaelMecham.Calendo;
				PRODUCT_NAME = "$(TARGET_NAME)";
			};
			name = Debug;
		};
		B44825141CE6F7DF00E6A524 /* Release */ = {
			isa = XCBuildConfiguration;
			buildSettings = {
				ASSETCATALOG_COMPILER_APPICON_NAME = AppIcon;
				INFOPLIST_FILE = Calendo/Info.plist;
				IPHONEOS_DEPLOYMENT_TARGET = 9.3;
				LD_RUNPATH_SEARCH_PATHS = "$(inherited) @executable_path/Frameworks";
				PRODUCT_BUNDLE_IDENTIFIER = com.MichaelMecham.Calendo;
				PRODUCT_NAME = "$(TARGET_NAME)";
			};
			name = Release;
		};
		B44825161CE6F7DF00E6A524 /* Debug */ = {
			isa = XCBuildConfiguration;
			buildSettings = {
				BUNDLE_LOADER = "$(TEST_HOST)";
				INFOPLIST_FILE = CalendoTests/Info.plist;
				LD_RUNPATH_SEARCH_PATHS = "$(inherited) @executable_path/Frameworks @loader_path/Frameworks";
				PRODUCT_BUNDLE_IDENTIFIER = com.MichaelMecham.CalendoTests;
				PRODUCT_NAME = "$(TARGET_NAME)";
				TEST_HOST = "$(BUILT_PRODUCTS_DIR)/Calendo.app/Calendo";
			};
			name = Debug;
		};
		B44825171CE6F7DF00E6A524 /* Release */ = {
			isa = XCBuildConfiguration;
			buildSettings = {
				BUNDLE_LOADER = "$(TEST_HOST)";
				INFOPLIST_FILE = CalendoTests/Info.plist;
				LD_RUNPATH_SEARCH_PATHS = "$(inherited) @executable_path/Frameworks @loader_path/Frameworks";
				PRODUCT_BUNDLE_IDENTIFIER = com.MichaelMecham.CalendoTests;
				PRODUCT_NAME = "$(TARGET_NAME)";
				TEST_HOST = "$(BUILT_PRODUCTS_DIR)/Calendo.app/Calendo";
			};
			name = Release;
		};
		B44825191CE6F7DF00E6A524 /* Debug */ = {
			isa = XCBuildConfiguration;
			buildSettings = {
				INFOPLIST_FILE = CalendoUITests/Info.plist;
				LD_RUNPATH_SEARCH_PATHS = "$(inherited) @executable_path/Frameworks @loader_path/Frameworks";
				PRODUCT_BUNDLE_IDENTIFIER = com.MichaelMecham.CalendoUITests;
				PRODUCT_NAME = "$(TARGET_NAME)";
				TEST_TARGET_NAME = Calendo;
			};
			name = Debug;
		};
		B448251A1CE6F7DF00E6A524 /* Release */ = {
			isa = XCBuildConfiguration;
			buildSettings = {
				INFOPLIST_FILE = CalendoUITests/Info.plist;
				LD_RUNPATH_SEARCH_PATHS = "$(inherited) @executable_path/Frameworks @loader_path/Frameworks";
				PRODUCT_BUNDLE_IDENTIFIER = com.MichaelMecham.CalendoUITests;
				PRODUCT_NAME = "$(TARGET_NAME)";
				TEST_TARGET_NAME = Calendo;
			};
			name = Release;
		};
/* End XCBuildConfiguration section */

/* Begin XCConfigurationList section */
		B44824E51CE6F7DE00E6A524 /* Build configuration list for PBXProject "Calendo" */ = {
			isa = XCConfigurationList;
			buildConfigurations = (
				B44825101CE6F7DF00E6A524 /* Debug */,
				B44825111CE6F7DF00E6A524 /* Release */,
			);
			defaultConfigurationIsVisible = 0;
			defaultConfigurationName = Release;
		};
		B44825121CE6F7DF00E6A524 /* Build configuration list for PBXNativeTarget "Calendo" */ = {
			isa = XCConfigurationList;
			buildConfigurations = (
				B44825131CE6F7DF00E6A524 /* Debug */,
				B44825141CE6F7DF00E6A524 /* Release */,
			);
			defaultConfigurationIsVisible = 0;
			defaultConfigurationName = Release;
		};
		B44825151CE6F7DF00E6A524 /* Build configuration list for PBXNativeTarget "CalendoTests" */ = {
			isa = XCConfigurationList;
			buildConfigurations = (
				B44825161CE6F7DF00E6A524 /* Debug */,
				B44825171CE6F7DF00E6A524 /* Release */,
			);
			defaultConfigurationIsVisible = 0;
			defaultConfigurationName = Release;
		};
		B44825181CE6F7DF00E6A524 /* Build configuration list for PBXNativeTarget "CalendoUITests" */ = {
			isa = XCConfigurationList;
			buildConfigurations = (
				B44825191CE6F7DF00E6A524 /* Debug */,
				B448251A1CE6F7DF00E6A524 /* Release */,
			);
			defaultConfigurationIsVisible = 0;
			defaultConfigurationName = Release;
		};
/* End XCConfigurationList section */
	};
	rootObject = B44824E21CE6F7DE00E6A524 /* Project object */;
}
